
Microsoft Visual Studio Solution File, Format Version 12.00
# Visual Studio 2012
Project("{FAE04EC0-301F-11D3-BF4B-00C04F79EFBC}") = "Specflow_Test", "Specflow_Test\Specflow_Test.csproj", "{5D6FFE0A-8D2A-4EC3-8B79-392D9C27FE74}"
EndProject
Global
	GlobalSection(SolutionConfigurationPlatforms) = preSolution
		Debug|Any CPU = Debug|Any CPU
		Release|Any CPU = Release|Any CPU
	EndGlobalSection
	GlobalSection(ProjectConfigurationPlatforms) = postSolution
		{5D6FFE0A-8D2A-4EC3-8B79-392D9C27FE74}.Debug|Any CPU.ActiveCfg = Debug|Any CPU
		{5D6FFE0A-8D2A-4EC3-8B79-392D9C27FE74}.Debug|Any CPU.Build.0 = Debug|Any CPU
		{5D6FFE0A-8D2A-4EC3-8B79-392D9C27FE74}.Release|Any CPU.ActiveCfg = Release|Any CPU
		{5D6FFE0A-8D2A-4EC3-8B79-392D9C27FE74}.Release|Any CPU.Build.0 = Release|Any CPU
	EndGlobalSection
	GlobalSection(SolutionProperties) = preSolution
		HideSolutionNode = FALSE
	EndGlobalSection
EndGlobal
