
Microsoft Visual Studio Solution File, Format Version 11.00
# Visual Studio 2010
Project("{00000000-0000-0000-0000-000000000000}") = "MonopolyGame", "MonopolyGame\MonopolyGame.csproj", "{1C0AED49-84A0-4DC1-9100-A5C1854D06D0}"
EndProject
Global
	GlobalSection(SolutionConfigurationPlatforms) = preSolution
		Debug|Any CPU = Debug|Any CPU
		Release|Any CPU = Release|Any CPU
	EndGlobalSection
	GlobalSection(ProjectConfigurationPlatforms) = postSolution
		{1C0AED49-84A0-4DC1-9100-A5C1854D06D0}.Debug|Any CPU.ActiveCfg = Debug|Any CPU
		{1C0AED49-84A0-4DC1-9100-A5C1854D06D0}.Debug|Any CPU.Build.0 = Debug|Any CPU
		{1C0AED49-84A0-4DC1-9100-A5C1854D06D0}.Release|Any CPU.ActiveCfg = Release|Any CPU
		{1C0AED49-84A0-4DC1-9100-A5C1854D06D0}.Release|Any CPU.Build.0 = Release|Any CPU
	EndGlobalSection
	GlobalSection(SolutionProperties) = preSolution
		HideSolutionNode = FALSE
	EndGlobalSection
EndGlobal
